# THIS IS AN AUTOGENERATED FILE. DO NOT EDIT THIS FILE DIRECTLY.
# yarn lockfile v1


bencode@^2.0.2:
  version "2.0.2"
  resolved "https://registry.yarnpkg.com/bencode/-/bencode-2.0.2.tgz#e79305ed3e3ab89843cbedc9574fccc067fd3bfe"
  integrity sha512-0ilVjnE2diLdbec/3KN14SP0KE85wh8v/FceNRMbAB2ioc3yTj9tgqdoK9tFEH++TZ10JreTS29qTwg7+SpTiQ==

bep53-range@^1.1.0:
  version "1.1.1"
  resolved "https://registry.yarnpkg.com/bep53-range/-/bep53-range-1.1.1.tgz#20fd125b00a413254a77d42f63a43750ca7e64ac"
  integrity sha512-ct6s33iiwRCUPp9KXnJ4QMWDgHIgaw36caK/5XEQ9L8dCzSQlJt1Vk6VmHh1VD4AlGCAI4C2zmtfItifBBPrhQ==

magnet-uri@^6.2.0:
  version "6.2.0"
  resolved "https://registry.yarnpkg.com/magnet-uri/-/magnet-uri-6.2.0.tgz#10f7be050bf23452df210838239b118463c3eeff"
  integrity sha512-O9AgdDwT771fnUj0giPYu/rACpz8173y8UXCSOdLITjOVfBenZ9H9q3FqQmveK+ORUMuD+BkKNSZP8C3+IMAKQ==
  dependencies:
    bep53-range "^1.1.0"
    thirty-two "^1.0.2"

thirty-two@^1.0.2:
  version "1.0.2"
  resolved "https://registry.yarnpkg.com/thirty-two/-/thirty-two-1.0.2.tgz#4ca2fffc02a51290d2744b9e3f557693ca6b627a"
  integrity sha1-TKL//AKlEpDSdEueP1V2k8prYno=
